
Microsoft Visual Studio Solution File, Format Version 12.00
# Visual Studio Version 17
VisualStudioVersion = 17.4.33205.214
MinimumVisualStudioVersion = 10.0.40219.1
Project("{9A19103F-16F7-4668-BE54-9A1E7A4F7556}") = "Sudoku.Shared", "Sudoku.Shared\Sudoku.Shared.csproj", "{875F71B2-99ED-4366-9C28-E5FFB5B5AA41}"
EndProject
Project("{9A19103F-16F7-4668-BE54-9A1E7A4F7556}") = "Sudoku.Benchmark", "Sudoku.Benchmark\Sudoku.Benchmark.csproj", "{3F6D87E5-3288-46C4-B192-F91D5FBB075B}"
EndProject
Project("{2150E333-8FDC-42A3-9474-1A3956D46DE8}") = "Puzzles", "Puzzles", "{5351C3A6-44B9-45CB-B4DB-4578796500FB}"
	ProjectSection(SolutionItems) = preProject
		Puzzles\Sudoku_Easy51.txt = Puzzles\Sudoku_Easy51.txt
		Puzzles\Sudoku_hardest.txt = Puzzles\Sudoku_hardest.txt
		Puzzles\Sudoku_top95.txt = Puzzles\Sudoku_top95.txt
	EndProjectSection
EndProject
Project("{9A19103F-16F7-4668-BE54-9A1E7A4F7556}") = "Sudoku.Z3Solvers", "Sudoku.Z3Solvers\Sudoku.Z3Solvers.csproj", "{A35C20E9-B1AC-47FD-9213-E84C6C37C2E2}"
EndProject
Project("{9A19103F-16F7-4668-BE54-9A1E7A4F7556}") = "Sodoku.GraphColoring", "Sodoku.GraphColoring\Sodoku.GraphColoring.csproj", "{B1000B87-3505-48B5-9421-A0A63C5607A5}"
EndProject
Project("{9A19103F-16F7-4668-BE54-9A1E7A4F7556}") = "SolverCSPLea", "SolverCSPLea\SolverCSPLea.csproj", "{6CAB8471-8AF5-4CAD-80E9-C79708589F27}"
EndProject
Project("{9A19103F-16F7-4668-BE54-9A1E7A4F7556}") = "Sudoku.CNN", "Sudoku.CNN\Sudoku.CNN.csproj", "{6F84D7D1-30AB-49A3-9A61-32DEDA2DBED0}"
EndProject
Project("{9A19103F-16F7-4668-BE54-9A1E7A4F7556}") = "Sudoku.DemoZ3", "Sudoku.DemoZ3\Sudoku.DemoZ3.csproj", "{9F44AA5A-AF01-4A5C-B875-F664648E7FC2}"
EndProject
Project("{9A19103F-16F7-4668-BE54-9A1E7A4F7556}") = "Sudoku.DlxLib", "Sudoku.DlxLib\Sudoku.DlxLib.csproj", "{E4661EDB-EABF-48B6-86D2-FA4E11CA59B6}"
EndProject
Project("{9A19103F-16F7-4668-BE54-9A1E7A4F7556}") = "Sudoku.GeneticAlgorithm", "Sudoku.GeneticAlgorithm\Sudoku.GeneticAlgorithm.csproj", "{356061E5-F9CD-409C-8602-EE64C087DF0A}"
EndProject
Project("{9A19103F-16F7-4668-BE54-9A1E7A4F7556}") = "Sudoku.ORtools", "Sudoku.ORtools\Sudoku.ORtools.csproj", "{CE298D3D-EACE-45B5-B76F-95E20F42358B}"
EndProject
Project("{9A19103F-16F7-4668-BE54-9A1E7A4F7556}") = "Sudoku.PSO", "Sudoku.PSO\Sudoku.PSO.csproj", "{BD79460D-8A5E-4DA6-B913-351DB2521CA0}"
EndProject
Project("{9A19103F-16F7-4668-BE54-9A1E7A4F7556}") = "Z3.LinqBinding", "Z3.LinqBinding\Z3.LinqBinding.csproj", "{688EBB62-D75F-4AC7-BB0E-6548C6326CE4}"
EndProject
Project("{9A19103F-16F7-4668-BE54-9A1E7A4F7556}") = "Sudoku.Z3Linq", "Sudoku.Z3Linq\Sudoku.Z3Linq.csproj", "{B4385048-468D-4279-AAEB-E793B7D75AF8}"
EndProject
Global
	GlobalSection(SolutionConfigurationPlatforms) = preSolution
		Debug|Any CPU = Debug|Any CPU
		Release|Any CPU = Release|Any CPU
	EndGlobalSection
	GlobalSection(ProjectConfigurationPlatforms) = postSolution
		{875F71B2-99ED-4366-9C28-E5FFB5B5AA41}.Debug|Any CPU.ActiveCfg = Debug|Any CPU
		{875F71B2-99ED-4366-9C28-E5FFB5B5AA41}.Debug|Any CPU.Build.0 = Debug|Any CPU
		{875F71B2-99ED-4366-9C28-E5FFB5B5AA41}.Release|Any CPU.ActiveCfg = Release|Any CPU
		{875F71B2-99ED-4366-9C28-E5FFB5B5AA41}.Release|Any CPU.Build.0 = Release|Any CPU
		{3F6D87E5-3288-46C4-B192-F91D5FBB075B}.Debug|Any CPU.ActiveCfg = Debug|Any CPU
		{3F6D87E5-3288-46C4-B192-F91D5FBB075B}.Debug|Any CPU.Build.0 = Debug|Any CPU
		{3F6D87E5-3288-46C4-B192-F91D5FBB075B}.Release|Any CPU.ActiveCfg = Release|Any CPU
		{3F6D87E5-3288-46C4-B192-F91D5FBB075B}.Release|Any CPU.Build.0 = Release|Any CPU
		{A35C20E9-B1AC-47FD-9213-E84C6C37C2E2}.Debug|Any CPU.ActiveCfg = Debug|Any CPU
		{A35C20E9-B1AC-47FD-9213-E84C6C37C2E2}.Debug|Any CPU.Build.0 = Debug|Any CPU
		{A35C20E9-B1AC-47FD-9213-E84C6C37C2E2}.Release|Any CPU.ActiveCfg = Release|Any CPU
		{A35C20E9-B1AC-47FD-9213-E84C6C37C2E2}.Release|Any CPU.Build.0 = Release|Any CPU
		{B1000B87-3505-48B5-9421-A0A63C5607A5}.Debug|Any CPU.ActiveCfg = Debug|Any CPU
		{B1000B87-3505-48B5-9421-A0A63C5607A5}.Debug|Any CPU.Build.0 = Debug|Any CPU
		{B1000B87-3505-48B5-9421-A0A63C5607A5}.Release|Any CPU.ActiveCfg = Release|Any CPU
		{B1000B87-3505-48B5-9421-A0A63C5607A5}.Release|Any CPU.Build.0 = Release|Any CPU
		{6CAB8471-8AF5-4CAD-80E9-C79708589F27}.Debug|Any CPU.ActiveCfg = Debug|Any CPU
		{6CAB8471-8AF5-4CAD-80E9-C79708589F27}.Debug|Any CPU.Build.0 = Debug|Any CPU
		{6CAB8471-8AF5-4CAD-80E9-C79708589F27}.Release|Any CPU.ActiveCfg = Release|Any CPU
		{6CAB8471-8AF5-4CAD-80E9-C79708589F27}.Release|Any CPU.Build.0 = Release|Any CPU
		{6F84D7D1-30AB-49A3-9A61-32DEDA2DBED0}.Debug|Any CPU.ActiveCfg = Debug|Any CPU
		{6F84D7D1-30AB-49A3-9A61-32DEDA2DBED0}.Debug|Any CPU.Build.0 = Debug|Any CPU
		{6F84D7D1-30AB-49A3-9A61-32DEDA2DBED0}.Release|Any CPU.ActiveCfg = Release|Any CPU
		{6F84D7D1-30AB-49A3-9A61-32DEDA2DBED0}.Release|Any CPU.Build.0 = Release|Any CPU
		{9F44AA5A-AF01-4A5C-B875-F664648E7FC2}.Debug|Any CPU.ActiveCfg = Debug|Any CPU
		{9F44AA5A-AF01-4A5C-B875-F664648E7FC2}.Debug|Any CPU.Build.0 = Debug|Any CPU
		{9F44AA5A-AF01-4A5C-B875-F664648E7FC2}.Release|Any CPU.ActiveCfg = Release|Any CPU
		{9F44AA5A-AF01-4A5C-B875-F664648E7FC2}.Release|Any CPU.Build.0 = Release|Any CPU
		{E4661EDB-EABF-48B6-86D2-FA4E11CA59B6}.Debug|Any CPU.ActiveCfg = Debug|Any CPU
		{E4661EDB-EABF-48B6-86D2-FA4E11CA59B6}.Debug|Any CPU.Build.0 = Debug|Any CPU
		{E4661EDB-EABF-48B6-86D2-FA4E11CA59B6}.Release|Any CPU.ActiveCfg = Release|Any CPU
		{E4661EDB-EABF-48B6-86D2-FA4E11CA59B6}.Release|Any CPU.Build.0 = Release|Any CPU
		{356061E5-F9CD-409C-8602-EE64C087DF0A}.Debug|Any CPU.ActiveCfg = Debug|Any CPU
		{356061E5-F9CD-409C-8602-EE64C087DF0A}.Debug|Any CPU.Build.0 = Debug|Any CPU
		{356061E5-F9CD-409C-8602-EE64C087DF0A}.Release|Any CPU.ActiveCfg = Release|Any CPU
		{356061E5-F9CD-409C-8602-EE64C087DF0A}.Release|Any CPU.Build.0 = Release|Any CPU
		{CE298D3D-EACE-45B5-B76F-95E20F42358B}.Debug|Any CPU.ActiveCfg = Debug|Any CPU
		{CE298D3D-EACE-45B5-B76F-95E20F42358B}.Debug|Any CPU.Build.0 = Debug|Any CPU
		{CE298D3D-EACE-45B5-B76F-95E20F42358B}.Release|Any CPU.ActiveCfg = Release|Any CPU
		{CE298D3D-EACE-45B5-B76F-95E20F42358B}.Release|Any CPU.Build.0 = Release|Any CPU
		{BD79460D-8A5E-4DA6-B913-351DB2521CA0}.Debug|Any CPU.ActiveCfg = Debug|Any CPU
		{BD79460D-8A5E-4DA6-B913-351DB2521CA0}.Debug|Any CPU.Build.0 = Debug|Any CPU
		{BD79460D-8A5E-4DA6-B913-351DB2521CA0}.Release|Any CPU.ActiveCfg = Release|Any CPU
		{BD79460D-8A5E-4DA6-B913-351DB2521CA0}.Release|Any CPU.Build.0 = Release|Any CPU
		{688EBB62-D75F-4AC7-BB0E-6548C6326CE4}.Debug|Any CPU.ActiveCfg = Debug|Any CPU
		{688EBB62-D75F-4AC7-BB0E-6548C6326CE4}.Debug|Any CPU.Build.0 = Debug|Any CPU
		{688EBB62-D75F-4AC7-BB0E-6548C6326CE4}.Release|Any CPU.ActiveCfg = Release|Any CPU
		{688EBB62-D75F-4AC7-BB0E-6548C6326CE4}.Release|Any CPU.Build.0 = Release|Any CPU
		{B4385048-468D-4279-AAEB-E793B7D75AF8}.Debug|Any CPU.ActiveCfg = Debug|Any CPU
		{B4385048-468D-4279-AAEB-E793B7D75AF8}.Debug|Any CPU.Build.0 = Debug|Any CPU
		{B4385048-468D-4279-AAEB-E793B7D75AF8}.Release|Any CPU.ActiveCfg = Release|Any CPU
		{B4385048-468D-4279-AAEB-E793B7D75AF8}.Release|Any CPU.Build.0 = Release|Any CPU
	EndGlobalSection
	GlobalSection(SolutionProperties) = preSolution
		HideSolutionNode = FALSE
	EndGlobalSection
	GlobalSection(ExtensibilityGlobals) = postSolution
		SolutionGuid = {BEE8F8D1-8D10-45DA-ABF1-5DE630CBE60B}
	EndGlobalSection
EndGlobal
